
Microsoft Visual Studio Solution File, Format Version 12.00
# Visual Studio Version 17
VisualStudioVersion = 17.7.34024.191
MinimumVisualStudioVersion = 10.0.40219.1
Project("{9A19103F-16F7-4668-BE54-9A1E7A4F7556}") = "HowWellHeWillSpendEvening", "HowWellHeWillSpendEvening\HowWellHeWillSpendEvening.csproj", "{0B549F5C-06B6-4D7E-86E4-4379F9AB4A2C}"
EndProject
Project("{FAE04EC0-301F-11D3-BF4B-00C04F79EFBC}") = "Test", "Test\Test.csproj", "{5BC20DE6-B329-4A30-AAF3-D6E5783DBF1C}"
EndProject
Global
	GlobalSection(SolutionConfigurationPlatforms) = preSolution
		Debug|Any CPU = Debug|Any CPU
		Release|Any CPU = Release|Any CPU
	EndGlobalSection
	GlobalSection(ProjectConfigurationPlatforms) = postSolution
		{0B549F5C-06B6-4D7E-86E4-4379F9AB4A2C}.Debug|Any CPU.ActiveCfg = Debug|Any CPU
		{0B549F5C-06B6-4D7E-86E4-4379F9AB4A2C}.Debug|Any CPU.Build.0 = Debug|Any CPU
		{0B549F5C-06B6-4D7E-86E4-4379F9AB4A2C}.Release|Any CPU.ActiveCfg = Release|Any CPU
		{0B549F5C-06B6-4D7E-86E4-4379F9AB4A2C}.Release|Any CPU.Build.0 = Release|Any CPU
		{5BC20DE6-B329-4A30-AAF3-D6E5783DBF1C}.Debug|Any CPU.ActiveCfg = Debug|Any CPU
		{5BC20DE6-B329-4A30-AAF3-D6E5783DBF1C}.Debug|Any CPU.Build.0 = Debug|Any CPU
		{5BC20DE6-B329-4A30-AAF3-D6E5783DBF1C}.Release|Any CPU.ActiveCfg = Release|Any CPU
		{5BC20DE6-B329-4A30-AAF3-D6E5783DBF1C}.Release|Any CPU.Build.0 = Release|Any CPU
	EndGlobalSection
	GlobalSection(SolutionProperties) = preSolution
		HideSolutionNode = FALSE
	EndGlobalSection
	GlobalSection(ExtensibilityGlobals) = postSolution
		SolutionGuid = {C983F870-DF1E-47E4-A244-DDA905E65224}
	EndGlobalSection
EndGlobal
